
Microsoft Visual Studio Solution File, Format Version 12.00
# Visual Studio Version 16
VisualStudioVersion = 16.0.30503.244
MinimumVisualStudioVersion = 10.0.40219.1
Project("{FAE04EC0-301F-11D3-BF4B-00C04F79EFBC}") = "Assignment3QA_000824885", "Assignment3QA_000824885.csproj", "{3878F75C-E6A7-46BC-9359-E9F7EAA63EE8}"
EndProject
Global
	GlobalSection(SolutionConfigurationPlatforms) = preSolution
		Debug|Any CPU = Debug|Any CPU
		Release|Any CPU = Release|Any CPU
	EndGlobalSection
	GlobalSection(ProjectConfigurationPlatforms) = postSolution
		{3878F75C-E6A7-46BC-9359-E9F7EAA63EE8}.Debug|Any CPU.ActiveCfg = Debug|Any CPU
		{3878F75C-E6A7-46BC-9359-E9F7EAA63EE8}.Debug|Any CPU.Build.0 = Debug|Any CPU
		{3878F75C-E6A7-46BC-9359-E9F7EAA63EE8}.Release|Any CPU.ActiveCfg = Release|Any CPU
		{3878F75C-E6A7-46BC-9359-E9F7EAA63EE8}.Release|Any CPU.Build.0 = Release|Any CPU
	EndGlobalSection
	GlobalSection(SolutionProperties) = preSolution
		HideSolutionNode = FALSE
	EndGlobalSection
	GlobalSection(ExtensibilityGlobals) = postSolution
		SolutionGuid = {ECA9F367-C677-406F-B91A-0E5E88B754C7}
	EndGlobalSection
EndGlobal
